
Microsoft Visual Studio Solution File, Format Version 12.00
# Visual Studio Version 16
VisualStudioVersion = 16.0.30717.126
MinimumVisualStudioVersion = 10.0.40219.1
Project("{FAE04EC0-301F-11D3-BF4B-00C04F79EFBC}") = "GraphQLBasic", "GraphQLBasic\GraphQLBasic.csproj", "{5A44D01A-B774-441A-8A79-16533F41F4D5}"
EndProject
Global
	GlobalSection(SolutionConfigurationPlatforms) = preSolution
		Debug|Any CPU = Debug|Any CPU
		Release|Any CPU = Release|Any CPU
	EndGlobalSection
	GlobalSection(ProjectConfigurationPlatforms) = postSolution
		{5A44D01A-B774-441A-8A79-16533F41F4D5}.Debug|Any CPU.ActiveCfg = Debug|Any CPU
		{5A44D01A-B774-441A-8A79-16533F41F4D5}.Debug|Any CPU.Build.0 = Debug|Any CPU
		{5A44D01A-B774-441A-8A79-16533F41F4D5}.Release|Any CPU.ActiveCfg = Release|Any CPU
		{5A44D01A-B774-441A-8A79-16533F41F4D5}.Release|Any CPU.Build.0 = Release|Any CPU
	EndGlobalSection
	GlobalSection(SolutionProperties) = preSolution
		HideSolutionNode = FALSE
	EndGlobalSection
	GlobalSection(ExtensibilityGlobals) = postSolution
		SolutionGuid = {33C9401C-CE09-4091-B145-A3CB8AEAE23F}
	EndGlobalSection
EndGlobal
